// !$*UTF8*$!
{
	archiveVersion = 1;
	classes = {
	};
	objectVersion = 50;
	objects = {

/* Begin PBXBuildFile section */
		5709247521B8113A004E1B52 /* GlobalVariable.swift in Sources */ = {isa = PBXBuildFile; fileRef = 5709247421B8113A004E1B52 /* GlobalVariable.swift */; };
		5710196921AEC19C00F214E1 /* AppDelegate.swift in Sources */ = {isa = PBXBuildFile; fileRef = 5710196821AEC19C00F214E1 /* AppDelegate.swift */; };
		5710196B21AEC19C00F214E1 /* ViewController.swift in Sources */ = {isa = PBXBuildFile; fileRef = 5710196A21AEC19C00F214E1 /* ViewController.swift */; };
		5710196E21AEC19C00F214E1 /* Main.storyboard in Resources */ = {isa = PBXBuildFile; fileRef = 5710196C21AEC19C00F214E1 /* Main.storyboard */; };
		5710197021AEC19D00F214E1 /* Assets.xcassets in Resources */ = {isa = PBXBuildFile; fileRef = 5710196F21AEC19D00F214E1 /* Assets.xcassets */; };
		5710197321AEC19D00F214E1 /* LaunchScreen.storyboard in Resources */ = {isa = PBXBuildFile; fileRef = 5710197121AEC19D00F214E1 /* LaunchScreen.storyboard */; };
		5710197B21AEC23B00F214E1 /* home.swift in Sources */ = {isa = PBXBuildFile; fileRef = 5710197A21AEC23B00F214E1 /* home.swift */; };
		5710197D21AEC56900F214E1 /* NormalMode.swift in Sources */ = {isa = PBXBuildFile; fileRef = 5710197C21AEC56900F214E1 /* NormalMode.swift */; };
		573616D621E42BE300A3C28F /* select2.swift in Sources */ = {isa = PBXBuildFile; fileRef = 573616D521E42BE300A3C28F /* select2.swift */; };
		573616D821E42E8F00A3C28F /* select3.swift in Sources */ = {isa = PBXBuildFile; fileRef = 573616D721E42E8F00A3C28F /* select3.swift */; };
		573616DA21E4306400A3C28F /* select4.swift in Sources */ = {isa = PBXBuildFile; fileRef = 573616D921E4306400A3C28F /* select4.swift */; };
		573616DC21E4307900A3C28F /* select5.swift in Sources */ = {isa = PBXBuildFile; fileRef = 573616DB21E4307900A3C28F /* select5.swift */; };
		573616DE21E4308B00A3C28F /* select6.swift in Sources */ = {isa = PBXBuildFile; fileRef = 573616DD21E4308B00A3C28F /* select6.swift */; };
		57B7852821B41FCD001FA7BC /* selectImage.swift in Sources */ = {isa = PBXBuildFile; fileRef = 57B7852721B41FCD001FA7BC /* selectImage.swift */; };
		57B7852A21B42008001FA7BC /* SelfMode.swift in Sources */ = {isa = PBXBuildFile; fileRef = 57B7852921B42008001FA7BC /* SelfMode.swift */; };
/* End PBXBuildFile section */

/* Begin PBXFileReference section */
		5709247421B8113A004E1B52 /* GlobalVariable.swift */ = {isa = PBXFileReference; lastKnownFileType = sourcecode.swift; path = GlobalVariable.swift; sourceTree = "<group>"; };
		5710196521AEC19B00F214E1 /* flip_card.app */ = {isa = PBXFileReference; explicitFileType = wrapper.application; includeInIndex = 0; path = flip_card.app; sourceTree = BUILT_PRODUCTS_DIR; };
		5710196821AEC19C00F214E1 /* AppDelegate.swift */ = {isa = PBXFileReference; lastKnownFileType = sourcecode.swift; path = AppDelegate.swift; sourceTree = "<group>"; };
		5710196A21AEC19C00F214E1 /* ViewController.swift */ = {isa = PBXFileReference; lastKnownFileType = sourcecode.swift; path = ViewController.swift; sourceTree = "<group>"; };
		5710196D21AEC19C00F214E1 /* Base */ = {isa = PBXFileReference; lastKnownFileType = file.storyboard; name = Base; path = Base.lproj/Main.storyboard; sourceTree = "<group>"; };
		5710196F21AEC19D00F214E1 /* Assets.xcassets */ = {isa = PBXFileReference; lastKnownFileType = folder.assetcatalog; path = Assets.xcassets; sourceTree = "<group>"; };
		5710197221AEC19D00F214E1 /* Base */ = {isa = PBXFileReference; lastKnownFileType = file.storyboard; name = Base; path = Base.lproj/LaunchScreen.storyboard; sourceTree = "<group>"; };
		5710197421AEC19D00F214E1 /* Info.plist */ = {isa = PBXFileReference; lastKnownFileType = text.plist.xml; path = Info.plist; sourceTree = "<group>"; };
		5710197A21AEC23B00F214E1 /* home.swift */ = {isa = PBXFileReference; lastKnownFileType = sourcecode.swift; path = home.swift; sourceTree = "<group>"; };
		5710197C21AEC56900F214E1 /* NormalMode.swift */ = {isa = PBXFileReference; lastKnownFileType = sourcecode.swift; path = NormalMode.swift; sourceTree = "<group>"; };
		573616D521E42BE300A3C28F /* select2.swift */ = {isa = PBXFileReference; lastKnownFileType = sourcecode.swift; path = select2.swift; sourceTree = "<group>"; };
		573616D721E42E8F00A3C28F /* select3.swift */ = {isa = PBXFileReference; lastKnownFileType = sourcecode.swift; path = select3.swift; sourceTree = "<group>"; };
		573616D921E4306400A3C28F /* select4.swift */ = {isa = PBXFileReference; lastKnownFileType = sourcecode.swift; path = select4.swift; sourceTree = "<group>"; };
		573616DB21E4307900A3C28F /* select5.swift */ = {isa = PBXFileReference; lastKnownFileType = sourcecode.swift; path = select5.swift; sourceTree = "<group>"; };
		573616DD21E4308B00A3C28F /* select6.swift */ = {isa = PBXFileReference; lastKnownFileType = sourcecode.swift; path = select6.swift; sourceTree = "<group>"; };
		57B7852721B41FCD001FA7BC /* selectImage.swift */ = {isa = PBXFileReference; lastKnownFileType = sourcecode.swift; path = selectImage.swift; sourceTree = "<group>"; };
		57B7852921B42008001FA7BC /* SelfMode.swift */ = {isa = PBXFileReference; lastKnownFileType = sourcecode.swift; path = SelfMode.swift; sourceTree = "<group>"; };
/* End PBXFileReference section */

/* Begin PBXFrameworksBuildPhase section */
		5710196221AEC19B00F214E1 /* Frameworks */ = {
			isa = PBXFrameworksBuildPhase;
			buildActionMask = 2147483647;
			files = (
			);
			runOnlyForDeploymentPostprocessing = 0;
		};
/* End PBXFrameworksBuildPhase section */

/* Begin PBXGroup section */
		5710195C21AEC19B00F214E1 = {
			isa = PBXGroup;
			children = (
				5710196721AEC19B00F214E1 /* flip_card */,
				5710196621AEC19B00F214E1 /* Products */,
			);
			sourceTree = "<group>";
		};
		5710196621AEC19B00F214E1 /* Products */ = {
			isa = PBXGroup;
			children = (
				5710196521AEC19B00F214E1 /* flip_card.app */,
			);
			name = Products;
			sourceTree = "<group>";
		};
		5710196721AEC19B00F214E1 /* flip_card */ = {
			isa = PBXGroup;
			children = (
				5710196821AEC19C00F214E1 /* AppDelegate.swift */,
				5709247421B8113A004E1B52 /* GlobalVariable.swift */,
				5710196A21AEC19C00F214E1 /* ViewController.swift */,
				5710197A21AEC23B00F214E1 /* home.swift */,
				5710197C21AEC56900F214E1 /* NormalMode.swift */,
				57B7852921B42008001FA7BC /* SelfMode.swift */,
				57B7852721B41FCD001FA7BC /* selectImage.swift */,
				573616D521E42BE300A3C28F /* select2.swift */,
				573616D721E42E8F00A3C28F /* select3.swift */,
				573616D921E4306400A3C28F /* select4.swift */,
				573616DB21E4307900A3C28F /* select5.swift */,
				573616DD21E4308B00A3C28F /* select6.swift */,
				5710196C21AEC19C00F214E1 /* Main.storyboard */,
				5710196F21AEC19D00F214E1 /* Assets.xcassets */,
				5710197121AEC19D00F214E1 /* LaunchScreen.storyboard */,
				5710197421AEC19D00F214E1 /* Info.plist */,
			);
			path = flip_card;
			sourceTree = "<group>";
		};
/* End PBXGroup section */

/* Begin PBXNativeTarget section */
		5710196421AEC19B00F214E1 /* flip_card */ = {
			isa = PBXNativeTarget;
			buildConfigurationList = 5710197721AEC19D00F214E1 /* Build configuration list for PBXNativeTarget "flip_card" */;
			buildPhases = (
				5710196121AEC19B00F214E1 /* Sources */,
				5710196221AEC19B00F214E1 /* Frameworks */,
				5710196321AEC19B00F214E1 /* Resources */,
			);
			buildRules = (
			);
			dependencies = (
			);
			name = flip_card;
			productName = flip_card;
			productReference = 5710196521AEC19B00F214E1 /* flip_card.app */;
			productType = "com.apple.product-type.application";
		};
/* End PBXNativeTarget section */

/* Begin PBXProject section */
		5710195D21AEC19B00F214E1 /* Project object */ = {
			isa = PBXProject;
			attributes = {
				LastSwiftUpdateCheck = 1010;
				LastUpgradeCheck = 1010;
				ORGANIZATIONNAME = "Scott Lin";
				TargetAttributes = {
					5710196421AEC19B00F214E1 = {
						CreatedOnToolsVersion = 10.1;
						LastSwiftMigration = 1010;
					};
				};
			};
			buildConfigurationList = 5710196021AEC19B00F214E1 /* Build configuration list for PBXProject "flip_card" */;
			compatibilityVersion = "Xcode 9.3";
			developmentRegion = en;
			hasScannedForEncodings = 0;
			knownRegions = (
				en,
				Base,
			);
			mainGroup = 5710195C21AEC19B00F214E1;
			productRefGroup = 5710196621AEC19B00F214E1 /* Products */;
			projectDirPath = "";
			projectRoot = "";
			targets = (
				5710196421AEC19B00F214E1 /* flip_card */,
			);
		};
/* End PBXProject section */

/* Begin PBXResourcesBuildPhase section */
		5710196321AEC19B00F214E1 /* Resources */ = {
			isa = PBXResourcesBuildPhase;
			buildActionMask = 2147483647;
			files = (
				5710197321AEC19D00F214E1 /* LaunchScreen.storyboard in Resources */,
				5710197021AEC19D00F214E1 /* Assets.xcassets in Resources */,
				5710196E21AEC19C00F214E1 /* Main.storyboard in Resources */,
			);
			runOnlyForDeploymentPostprocessing = 0;
		};
/* End PBXResourcesBuildPhase section */

/* Begin PBXSourcesBuildPhase section */
		5710196121AEC19B00F214E1 /* Sources */ = {
			isa = PBXSourcesBuildPhase;
			buildActionMask = 2147483647;
			files = (
				5709247521B8113A004E1B52 /* GlobalVariable.swift in Sources */,
				57B7852821B41FCD001FA7BC /* selectImage.swift in Sources */,
				573616DA21E4306400A3C28F /* select4.swift in Sources */,
				573616DC21E4307900A3C28F /* select5.swift in Sources */,
				573616D621E42BE300A3C28F /* select2.swift in Sources */,
				5710197B21AEC23B00F214E1 /* home.swift in Sources */,
				573616DE21E4308B00A3C28F /* select6.swift in Sources */,
				57B7852A21B42008001FA7BC /* SelfMode.swift in Sources */,
				5710197D21AEC56900F214E1 /* NormalMode.swift in Sources */,
				573616D821E42E8F00A3C28F /* select3.swift in Sources */,
				5710196B21AEC19C00F214E1 /* ViewController.swift in Sources */,
				5710196921AEC19C00F214E1 /* AppDelegate.swift in Sources */,
			);
			runOnlyForDeploymentPostprocessing = 0;
		};
/* End PBXSourcesBuildPhase section */

/* Begin PBXVariantGroup section */
		5710196C21AEC19C00F214E1 /* Main.storyboard */ = {
			isa = PBXVariantGroup;
			children = (
				5710196D21AEC19C00F214E1 /* Base */,
			);
			name = Main.storyboard;
			sourceTree = "<group>";
		};
		5710197121AEC19D00F214E1 /* LaunchScreen.storyboard */ = {
			isa = PBXVariantGroup;
			children = (
				5710197221AEC19D00F214E1 /* Base */,
			);
			name = LaunchScreen.storyboard;
			sourceTree = "<group>";
		};
/* End PBXVariantGroup section */

/* Begin XCBuildConfiguration section */
		5710197521AEC19D00F214E1 /* Debug */ = {
			isa = XCBuildConfiguration;
			buildSettings = {
				ALWAYS_SEARCH_USER_PATHS = NO;
				CLANG_ANALYZER_NONNULL = YES;
				CLANG_ANALYZER_NUMBER_OBJECT_CONVERSION = YES_AGGRESSIVE;
				CLANG_CXX_LANGUAGE_STANDARD = "gnu++14";
				CLANG_CXX_LIBRARY = "libc++";
				CLANG_ENABLE_MODULES = YES;
				CLANG_ENABLE_OBJC_ARC = YES;
				CLANG_ENABLE_OBJC_WEAK = YES;
				CLANG_WARN_BLOCK_CAPTURE_AUTORELEASING = YES;
				CLANG_WARN_BOOL_CONVERSION = YES;
				CLANG_WARN_COMMA = YES;
				CLANG_WARN_CONSTANT_CONVERSION = YES;
				CLANG_WARN_DEPRECATED_OBJC_IMPLEMENTATIONS = YES;
				CLANG_WARN_DIRECT_OBJC_ISA_USAGE = YES_ERROR;
				CLANG_WARN_DOCUMENTATION_COMMENTS = YES;
				CLANG_WARN_EMPTY_BODY = YES;
				CLANG_WARN_ENUM_CONVERSION = YES;
				CLANG_WARN_INFINITE_RECURSION = YES;
				CLANG_WARN_INT_CONVERSION = YES;
				CLANG_WARN_NON_LITERAL_NULL_CONVERSION = YES;
				CLANG_WARN_OBJC_IMPLICIT_RETAIN_SELF = YES;
				CLANG_WARN_OBJC_LITERAL_CONVERSION = YES;
				CLANG_WARN_OBJC_ROOT_CLASS = YES_ERROR;
				CLANG_WARN_RANGE_LOOP_ANALYSIS = YES;
				CLANG_WARN_STRICT_PROTOTYPES = YES;
				CLANG_WARN_SUSPICIOUS_MOVE = YES;
				CLANG_WARN_UNGUARDED_AVAILABILITY = YES_AGGRESSIVE;
				CLANG_WARN_UNREACHABLE_CODE = YES;
				CLANG_WARN__DUPLICATE_METHOD_MATCH = YES;
				CODE_SIGN_IDENTITY = "iPhone Developer";
				COPY_PHASE_STRIP = NO;
				DEBUG_INFORMATION_FORMAT = dwarf;
				ENABLE_STRICT_OBJC_MSGSEND = YES;
				ENABLE_TESTABILITY = YES;
				GCC_C_LANGUAGE_STANDARD = gnu11;
				GCC_DYNAMIC_NO_PIC = NO;
				GCC_NO_COMMON_BLOCKS = YES;
				GCC_OPTIMIZATION_LEVEL = 0;
				GCC_PREPROCESSOR_DEFINITIONS = (
					"DEBUG=1",
					"$(inherited)",
				);
				GCC_WARN_64_TO_32_BIT_CONVERSION = YES;
				GCC_WARN_ABOUT_RETURN_TYPE = YES_ERROR;
				GCC_WARN_UNDECLARED_SELECTOR = YES;
				GCC_WARN_UNINITIALIZED_AUTOS = YES_AGGRESSIVE;
				GCC_WARN_UNUSED_FUNCTION = YES;
				GCC_WARN_UNUSED_VARIABLE = YES;
				IPHONEOS_DEPLOYMENT_TARGET = 12.1;
				MTL_ENABLE_DEBUG_INFO = INCLUDE_SOURCE;
				MTL_FAST_MATH = YES;
				ONLY_ACTIVE_ARCH = YES;
				SDKROOT = iphoneos;
				SWIFT_ACTIVE_COMPILATION_CONDITIONS = DEBUG;
				SWIFT_OPTIMIZATION_LEVEL = "-Onone";
			};
			name = Debug;
		};
		5710197621AEC19D00F214E1 /* Release */ = {
			isa = XCBuildConfiguration;
			buildSettings = {
				ALWAYS_SEARCH_USER_PATHS = NO;
				CLANG_ANALYZER_NONNULL = YES;
				CLANG_ANALYZER_NUMBER_OBJECT_CONVERSION = YES_AGGRESSIVE;
				CLANG_CXX_LANGUAGE_STANDARD = "gnu++14";
				CLANG_CXX_LIBRARY = "libc++";
				CLANG_ENABLE_MODULES = YES;
				CLANG_ENABLE_OBJC_ARC = YES;
				CLANG_ENABLE_OBJC_WEAK = YES;
				CLANG_WARN_BLOCK_CAPTURE_AUTORELEASING = YES;
				CLANG_WARN_BOOL_CONVERSION = YES;
				CLANG_WARN_COMMA = YES;
				CLANG_WARN_CONSTANT_CONVERSION = YES;
				CLANG_WARN_DEPRECATED_OBJC_IMPLEMENTATIONS = YES;
				CLANG_WARN_DIRECT_OBJC_ISA_USAGE = YES_ERROR;
				CLANG_WARN_DOCUMENTATION_COMMENTS = YES;
				CLANG_WARN_EMPTY_BODY = YES;
				CLANG_WARN_ENUM_CONVERSION = YES;
				CLANG_WARN_INFINITE_RECURSION = YES;
				CLANG_WARN_INT_CONVERSION = YES;
				CLANG_WARN_NON_LITERAL_NULL_CONVERSION = YES;
				CLANG_WARN_OBJC_IMPLICIT_RETAIN_SELF = YES;
				CLANG_WARN_OBJC_LITERAL_CONVERSION = YES;
				CLANG_WARN_OBJC_ROOT_CLASS = YES_ERROR;
				CLANG_WARN_RANGE_LOOP_ANALYSIS = YES;
				CLANG_WARN_STRICT_PROTOTYPES = YES;
				CLANG_WARN_SUSPICIOUS_MOVE = YES;
				CLANG_WARN_UNGUARDED_AVAILABILITY = YES_AGGRESSIVE;
				CLANG_WARN_UNREACHABLE_CODE = YES;
				CLANG_WARN__DUPLICATE_METHOD_MATCH = YES;
				CODE_SIGN_IDENTITY = "iPhone Developer";
				COPY_PHASE_STRIP = NO;
				DEBUG_INFORMATION_FORMAT = "dwarf-with-dsym";
				ENABLE_NS_ASSERTIONS = NO;
				ENABLE_STRICT_OBJC_MSGSEND = YES;
				GCC_C_LANGUAGE_STANDARD = gnu11;
				GCC_NO_COMMON_BLOCKS = YES;
				GCC_WARN_64_TO_32_BIT_CONVERSION = YES;
				GCC_WARN_ABOUT_RETURN_TYPE = YES_ERROR;
				GCC_WARN_UNDECLARED_SELECTOR = YES;
				GCC_WARN_UNINITIALIZED_AUTOS = YES_AGGRESSIVE;
				GCC_WARN_UNUSED_FUNCTION = YES;
				GCC_WARN_UNUSED_VARIABLE = YES;
				IPHONEOS_DEPLOYMENT_TARGET = 12.1;
				MTL_ENABLE_DEBUG_INFO = NO;
				MTL_FAST_MATH = YES;
				SDKROOT = iphoneos;
				SWIFT_COMPILATION_MODE = wholemodule;
				SWIFT_OPTIMIZATION_LEVEL = "-O";
				VALIDATE_PRODUCT = YES;
			};
			name = Release;
		};
		5710197821AEC19D00F214E1 /* Debug */ = {
			isa = XCBuildConfiguration;
			buildSettings = {
				ASSETCATALOG_COMPILER_APPICON_NAME = AppIcon;
				CLANG_ENABLE_MODULES = YES;
				CODE_SIGN_STYLE = Automatic;
				DEVELOPMENT_TEAM = 7TAA8U9QWK;
				INFOPLIST_FILE = flip_card/Info.plist;
				LD_RUNPATH_SEARCH_PATHS = (
					"$(inherited)",
					"@executable_path/Frameworks",
				);
				PRODUCT_BUNDLE_IDENTIFIER = "com.flip.flip-card";
				PRODUCT_NAME = "$(TARGET_NAME)";
				SWIFT_OPTIMIZATION_LEVEL = "-Onone";
				SWIFT_VERSION = 4.2;
				TARGETED_DEVICE_FAMILY = "1,2";
			};
			name = Debug;
		};
		5710197921AEC19D00F214E1 /* Release */ = {
			isa = XCBuildConfiguration;
			buildSettings = {
				ASSETCATALOG_COMPILER_APPICON_NAME = AppIcon;
				CLANG_ENABLE_MODULES = YES;
				CODE_SIGN_STYLE = Automatic;
				DEVELOPMENT_TEAM = 7TAA8U9QWK;
				INFOPLIST_FILE = flip_card/Info.plist;
				LD_RUNPATH_SEARCH_PATHS = (
					"$(inherited)",
					"@executable_path/Frameworks",
				);
				PRODUCT_BUNDLE_IDENTIFIER = "com.flip.flip-card";
				PRODUCT_NAME = "$(TARGET_NAME)";
				SWIFT_VERSION = 4.2;
				TARGETED_DEVICE_FAMILY = "1,2";
			};
			name = Release;
		};
/* End XCBuildConfiguration section */

/* Begin XCConfigurationList section */
		5710196021AEC19B00F214E1 /* Build configuration list for PBXProject "flip_card" */ = {
			isa = XCConfigurationList;
			buildConfigurations = (
				5710197521AEC19D00F214E1 /* Debug */,
				5710197621AEC19D00F214E1 /* Release */,
			);
			defaultConfigurationIsVisible = 0;
			defaultConfigurationName = Release;
		};
		5710197721AEC19D00F214E1 /* Build configuration list for PBXNativeTarget "flip_card" */ = {
			isa = XCConfigurationList;
			buildConfigurations = (
				5710197821AEC19D00F214E1 /* Debug */,
				5710197921AEC19D00F214E1 /* Release */,
			);
			defaultConfigurationIsVisible = 0;
			defaultConfigurationName = Release;
		};
/* End XCConfigurationList section */
	};
	rootObject = 5710195D21AEC19B00F214E1 /* Project object */;
}
